
Microsoft Visual Studio Solution File, Format Version 12.00
# Visual Studio Version 17
VisualStudioVersion = 17.14.36804.6 d17.14
MinimumVisualStudioVersion = 10.0.40219.1
Project("{FAE04EC0-301F-11D3-BF4B-00C04F79EFBC}") = "CI-CD FirstExample", "CI-CD FirstExample\CI-CD FirstExample.csproj", "{D979AD46-6A34-4D0E-BA8B-05AE0575B6D7}"
EndProject
Global
	GlobalSection(SolutionConfigurationPlatforms) = preSolution
		Debug|Any CPU = Debug|Any CPU
		Release|Any CPU = Release|Any CPU
	EndGlobalSection
	GlobalSection(ProjectConfigurationPlatforms) = postSolution
		{D979AD46-6A34-4D0E-BA8B-05AE0575B6D7}.Debug|Any CPU.ActiveCfg = Debug|Any CPU
		{D979AD46-6A34-4D0E-BA8B-05AE0575B6D7}.Debug|Any CPU.Build.0 = Debug|Any CPU
		{D979AD46-6A34-4D0E-BA8B-05AE0575B6D7}.Release|Any CPU.ActiveCfg = Release|Any CPU
		{D979AD46-6A34-4D0E-BA8B-05AE0575B6D7}.Release|Any CPU.Build.0 = Release|Any CPU
	EndGlobalSection
	GlobalSection(SolutionProperties) = preSolution
		HideSolutionNode = FALSE
	EndGlobalSection
	GlobalSection(ExtensibilityGlobals) = postSolution
		SolutionGuid = {0E161201-00F4-48C5-9B03-E1D968CE127F}
	EndGlobalSection
EndGlobal
